
Microsoft Visual Studio Solution File, Format Version 12.00
# Visual Studio Version 16
VisualStudioVersion = 16.0.31321.278
MinimumVisualStudioVersion = 10.0.40219.1
Project("{FAE04EC0-301F-11D3-BF4B-00C04F79EFBC}") = "claseoperaciones", "claseoperaciones\claseoperaciones.csproj", "{264B0AF6-83D2-4923-A6A2-229BF753719F}"
EndProject
Global
	GlobalSection(SolutionConfigurationPlatforms) = preSolution
		Debug|Any CPU = Debug|Any CPU
		Release|Any CPU = Release|Any CPU
	EndGlobalSection
	GlobalSection(ProjectConfigurationPlatforms) = postSolution
		{264B0AF6-83D2-4923-A6A2-229BF753719F}.Debug|Any CPU.ActiveCfg = Debug|Any CPU
		{264B0AF6-83D2-4923-A6A2-229BF753719F}.Debug|Any CPU.Build.0 = Debug|Any CPU
		{264B0AF6-83D2-4923-A6A2-229BF753719F}.Release|Any CPU.ActiveCfg = Release|Any CPU
		{264B0AF6-83D2-4923-A6A2-229BF753719F}.Release|Any CPU.Build.0 = Release|Any CPU
	EndGlobalSection
	GlobalSection(SolutionProperties) = preSolution
		HideSolutionNode = FALSE
	EndGlobalSection
	GlobalSection(ExtensibilityGlobals) = postSolution
		SolutionGuid = {4A0F263B-D432-454B-8FD9-90CAF503D777}
	EndGlobalSection
EndGlobal
