
Microsoft Visual Studio Solution File, Format Version 12.00
# Visual Studio Version 16
VisualStudioVersion = 16.0.31321.278
MinimumVisualStudioVersion = 10.0.40219.1
Project("{FAE04EC0-301F-11D3-BF4B-00C04F79EFBC}") = "media_array", "media_array\media_array.csproj", "{005FA3A5-0E76-4674-A427-7B096805B314}"
EndProject
Global
	GlobalSection(SolutionConfigurationPlatforms) = preSolution
		Debug|Any CPU = Debug|Any CPU
		Release|Any CPU = Release|Any CPU
	EndGlobalSection
	GlobalSection(ProjectConfigurationPlatforms) = postSolution
		{005FA3A5-0E76-4674-A427-7B096805B314}.Debug|Any CPU.ActiveCfg = Debug|Any CPU
		{005FA3A5-0E76-4674-A427-7B096805B314}.Debug|Any CPU.Build.0 = Debug|Any CPU
		{005FA3A5-0E76-4674-A427-7B096805B314}.Release|Any CPU.ActiveCfg = Release|Any CPU
		{005FA3A5-0E76-4674-A427-7B096805B314}.Release|Any CPU.Build.0 = Release|Any CPU
	EndGlobalSection
	GlobalSection(SolutionProperties) = preSolution
		HideSolutionNode = FALSE
	EndGlobalSection
	GlobalSection(ExtensibilityGlobals) = postSolution
		SolutionGuid = {ADD1595A-7CC4-483B-B3F6-645BDCEEA1E5}
	EndGlobalSection
EndGlobal
