
Microsoft Visual Studio Solution File, Format Version 12.00
# Visual Studio Version 16
VisualStudioVersion = 16.0.31321.278
MinimumVisualStudioVersion = 10.0.40219.1
Project("{FAE04EC0-301F-11D3-BF4B-00C04F79EFBC}") = "Numeros aleatorios", "Numeros aleatorios\Numeros aleatorios.csproj", "{5C22A2A1-E561-4E21-93B5-3E1E78B6F694}"
EndProject
Global
	GlobalSection(SolutionConfigurationPlatforms) = preSolution
		Debug|Any CPU = Debug|Any CPU
		Release|Any CPU = Release|Any CPU
	EndGlobalSection
	GlobalSection(ProjectConfigurationPlatforms) = postSolution
		{5C22A2A1-E561-4E21-93B5-3E1E78B6F694}.Debug|Any CPU.ActiveCfg = Debug|Any CPU
		{5C22A2A1-E561-4E21-93B5-3E1E78B6F694}.Debug|Any CPU.Build.0 = Debug|Any CPU
		{5C22A2A1-E561-4E21-93B5-3E1E78B6F694}.Release|Any CPU.ActiveCfg = Release|Any CPU
		{5C22A2A1-E561-4E21-93B5-3E1E78B6F694}.Release|Any CPU.Build.0 = Release|Any CPU
	EndGlobalSection
	GlobalSection(SolutionProperties) = preSolution
		HideSolutionNode = FALSE
	EndGlobalSection
	GlobalSection(ExtensibilityGlobals) = postSolution
		SolutionGuid = {AF76BA4A-0C97-4E77-8EA9-F33ED1179F3B}
	EndGlobalSection
EndGlobal
