
Microsoft Visual Studio Solution File, Format Version 12.00
# Visual Studio Version 16
VisualStudioVersion = 16.0.31321.278
MinimumVisualStudioVersion = 10.0.40219.1
Project("{FAE04EC0-301F-11D3-BF4B-00C04F79EFBC}") = "tablademultiplicar", "tablademultiplicar\tablademultiplicar.csproj", "{298DE67E-DE89-45C5-8CAA-366A83C34C8D}"
EndProject
Global
	GlobalSection(SolutionConfigurationPlatforms) = preSolution
		Debug|Any CPU = Debug|Any CPU
		Release|Any CPU = Release|Any CPU
	EndGlobalSection
	GlobalSection(ProjectConfigurationPlatforms) = postSolution
		{298DE67E-DE89-45C5-8CAA-366A83C34C8D}.Debug|Any CPU.ActiveCfg = Debug|Any CPU
		{298DE67E-DE89-45C5-8CAA-366A83C34C8D}.Debug|Any CPU.Build.0 = Debug|Any CPU
		{298DE67E-DE89-45C5-8CAA-366A83C34C8D}.Release|Any CPU.ActiveCfg = Release|Any CPU
		{298DE67E-DE89-45C5-8CAA-366A83C34C8D}.Release|Any CPU.Build.0 = Release|Any CPU
	EndGlobalSection
	GlobalSection(SolutionProperties) = preSolution
		HideSolutionNode = FALSE
	EndGlobalSection
	GlobalSection(ExtensibilityGlobals) = postSolution
		SolutionGuid = {C36EFC81-074A-4A0A-972F-ED198F95B298}
	EndGlobalSection
EndGlobal
